
Microsoft Visual Studio Solution File, Format Version 12.00
# Visual Studio Version 16
VisualStudioVersion = 16.0.30320.27
MinimumVisualStudioVersion = 10.0.40219.1
Project("{9A19103F-16F7-4668-BE54-9A1E7A4F7556}") = "TempProject", "TempProject.csproj", "{87650395-1A30-4964-9E8A-9921C85451F2}"
EndProject
Project("{FAE04EC0-301F-11D3-BF4B-00C04F79EFBC}") = "UnitTestProject2", "..\UnitTestProject2\UnitTestProject2.csproj", "{AE21D5DB-606A-49B8-82B2-41BCFDC11FEC}"
EndProject
Global
	GlobalSection(SolutionConfigurationPlatforms) = preSolution
		Debug|Any CPU = Debug|Any CPU
		Release|Any CPU = Release|Any CPU
	EndGlobalSection
	GlobalSection(ProjectConfigurationPlatforms) = postSolution
		{87650395-1A30-4964-9E8A-9921C85451F2}.Debug|Any CPU.ActiveCfg = Debug|Any CPU
		{87650395-1A30-4964-9E8A-9921C85451F2}.Debug|Any CPU.Build.0 = Debug|Any CPU
		{87650395-1A30-4964-9E8A-9921C85451F2}.Release|Any CPU.ActiveCfg = Release|Any CPU
		{87650395-1A30-4964-9E8A-9921C85451F2}.Release|Any CPU.Build.0 = Release|Any CPU
		{AE21D5DB-606A-49B8-82B2-41BCFDC11FEC}.Debug|Any CPU.ActiveCfg = Debug|Any CPU
		{AE21D5DB-606A-49B8-82B2-41BCFDC11FEC}.Debug|Any CPU.Build.0 = Debug|Any CPU
		{AE21D5DB-606A-49B8-82B2-41BCFDC11FEC}.Release|Any CPU.ActiveCfg = Release|Any CPU
		{AE21D5DB-606A-49B8-82B2-41BCFDC11FEC}.Release|Any CPU.Build.0 = Release|Any CPU
	EndGlobalSection
	GlobalSection(SolutionProperties) = preSolution
		HideSolutionNode = FALSE
	EndGlobalSection
	GlobalSection(ExtensibilityGlobals) = postSolution
		SolutionGuid = {4A6CF4A0-FBC2-4D9C-A971-11C810CF1292}
	EndGlobalSection
EndGlobal
